// !$*UTF8*$!
{
	archiveVersion = 1;
	classes = {
	};
	objectVersion = 50;
	objects = {

/* Begin PBXBuildFile section */
		8553D45D3CEE3CA4E7176E2A /* Pods_WebSocketsTest.framework in Frameworks */ = {isa = PBXBuildFile; fileRef = EFBCC0CACE5394D49EFADF91 /* Pods_WebSocketsTest.framework */; };
		CBCDB15225A8B9E500D05D35 /* AppDelegate.swift in Sources */ = {isa = PBXBuildFile; fileRef = CBCDB15125A8B9E500D05D35 /* AppDelegate.swift */; };
		CBCDB15425A8B9E500D05D35 /* SceneDelegate.swift in Sources */ = {isa = PBXBuildFile; fileRef = CBCDB15325A8B9E500D05D35 /* SceneDelegate.swift */; };
		CBCDB15625A8B9E500D05D35 /* ViewController.swift in Sources */ = {isa = PBXBuildFile; fileRef = CBCDB15525A8B9E500D05D35 /* ViewController.swift */; };
		CBCDB15B25A8B9E500D05D35 /* Assets.xcassets in Resources */ = {isa = PBXBuildFile; fileRef = CBCDB15A25A8B9E500D05D35 /* Assets.xcassets */; };
		CBCDB15E25A8B9E500D05D35 /* LaunchScreen.storyboard in Resources */ = {isa = PBXBuildFile; fileRef = CBCDB15C25A8B9E500D05D35 /* LaunchScreen.storyboard */; };
/* End PBXBuildFile section */

/* Begin PBXFileReference section */
		4F7CFFB6DC20EE5EAE9B50B1 /* Pods-WebSocketsTest.debug.xcconfig */ = {isa = PBXFileReference; includeInIndex = 1; lastKnownFileType = text.xcconfig; name = "Pods-WebSocketsTest.debug.xcconfig"; path = "Target Support Files/Pods-WebSocketsTest/Pods-WebSocketsTest.debug.xcconfig"; sourceTree = "<group>"; };
		CBCDB14E25A8B9E400D05D35 /* WebSocketsTest.app */ = {isa = PBXFileReference; explicitFileType = wrapper.application; includeInIndex = 0; path = WebSocketsTest.app; sourceTree = BUILT_PRODUCTS_DIR; };
		CBCDB15125A8B9E500D05D35 /* AppDelegate.swift */ = {isa = PBXFileReference; lastKnownFileType = sourcecode.swift; path = AppDelegate.swift; sourceTree = "<group>"; };
		CBCDB15325A8B9E500D05D35 /* SceneDelegate.swift */ = {isa = PBXFileReference; lastKnownFileType = sourcecode.swift; path = SceneDelegate.swift; sourceTree = "<group>"; };
		CBCDB15525A8B9E500D05D35 /* ViewController.swift */ = {isa = PBXFileReference; lastKnownFileType = sourcecode.swift; path = ViewController.swift; sourceTree = "<group>"; };
		CBCDB15A25A8B9E500D05D35 /* Assets.xcassets */ = {isa = PBXFileReference; lastKnownFileType = folder.assetcatalog; path = Assets.xcassets; sourceTree = "<group>"; };
		CBCDB15D25A8B9E500D05D35 /* Base */ = {isa = PBXFileReference; lastKnownFileType = file.storyboard; name = Base; path = Base.lproj/LaunchScreen.storyboard; sourceTree = "<group>"; };
		CBCDB15F25A8B9E500D05D35 /* Info.plist */ = {isa = PBXFileReference; lastKnownFileType = text.plist.xml; path = Info.plist; sourceTree = "<group>"; };
		D37E269D1767D6A79F4F6BA4 /* Pods-WebSocketsTest.release.xcconfig */ = {isa = PBXFileReference; includeInIndex = 1; lastKnownFileType = text.xcconfig; name = "Pods-WebSocketsTest.release.xcconfig"; path = "Target Support Files/Pods-WebSocketsTest/Pods-WebSocketsTest.release.xcconfig"; sourceTree = "<group>"; };
		EFBCC0CACE5394D49EFADF91 /* Pods_WebSocketsTest.framework */ = {isa = PBXFileReference; explicitFileType = wrapper.framework; includeInIndex = 0; path = Pods_WebSocketsTest.framework; sourceTree = BUILT_PRODUCTS_DIR; };
/* End PBXFileReference section */

/* Begin PBXFrameworksBuildPhase section */
		CBCDB14B25A8B9E400D05D35 /* Frameworks */ = {
			isa = PBXFrameworksBuildPhase;
			buildActionMask = 2147483647;
			files = (
				8553D45D3CEE3CA4E7176E2A /* Pods_WebSocketsTest.framework in Frameworks */,
			);
			runOnlyForDeploymentPostprocessing = 0;
		};
/* End PBXFrameworksBuildPhase section */

/* Begin PBXGroup section */
		6302DA93F6E94283FA210D94 /* Pods */ = {
			isa = PBXGroup;
			children = (
				4F7CFFB6DC20EE5EAE9B50B1 /* Pods-WebSocketsTest.debug.xcconfig */,
				D37E269D1767D6A79F4F6BA4 /* Pods-WebSocketsTest.release.xcconfig */,
			);
			name = Pods;
			path = Pods;
			sourceTree = "<group>";
		};
		CBCDB14525A8B9E400D05D35 = {
			isa = PBXGroup;
			children = (
				CBCDB15025A8B9E400D05D35 /* WebSocketsTest */,
				CBCDB14F25A8B9E400D05D35 /* Products */,
				6302DA93F6E94283FA210D94 /* Pods */,
				CEA4DD0DF545B106CF61EA38 /* Frameworks */,
			);
			sourceTree = "<group>";
		};
		CBCDB14F25A8B9E400D05D35 /* Products */ = {
			isa = PBXGroup;
			children = (
				CBCDB14E25A8B9E400D05D35 /* WebSocketsTest.app */,
			);
			name = Products;
			sourceTree = "<group>";
		};
		CBCDB15025A8B9E400D05D35 /* WebSocketsTest */ = {
			isa = PBXGroup;
			children = (
				CBCDB15125A8B9E500D05D35 /* AppDelegate.swift */,
				CBCDB15325A8B9E500D05D35 /* SceneDelegate.swift */,
				CBCDB15525A8B9E500D05D35 /* ViewController.swift */,
				CBCDB15A25A8B9E500D05D35 /* Assets.xcassets */,
				CBCDB15C25A8B9E500D05D35 /* LaunchScreen.storyboard */,
				CBCDB15F25A8B9E500D05D35 /* Info.plist */,
			);
			path = WebSocketsTest;
			sourceTree = "<group>";
		};
		CEA4DD0DF545B106CF61EA38 /* Frameworks */ = {
			isa = PBXGroup;
			children = (
				EFBCC0CACE5394D49EFADF91 /* Pods_WebSocketsTest.framework */,
			);
			name = Frameworks;
			sourceTree = "<group>";
		};
/* End PBXGroup section */

/* Begin PBXNativeTarget section */
		CBCDB14D25A8B9E400D05D35 /* WebSocketsTest */ = {
			isa = PBXNativeTarget;
			buildConfigurationList = CBCDB16225A8B9E500D05D35 /* Build configuration list for PBXNativeTarget "WebSocketsTest" */;
			buildPhases = (
				7ADCECC4FE146B03C166DF4E /* [CP] Check Pods Manifest.lock */,
				CBCDB14A25A8B9E400D05D35 /* Sources */,
				CBCDB14B25A8B9E400D05D35 /* Frameworks */,
				CBCDB14C25A8B9E400D05D35 /* Resources */,
				A64933A31D248C03C2DECB2F /* [CP] Embed Pods Frameworks */,
			);
			buildRules = (
			);
			dependencies = (
			);
			name = WebSocketsTest;
			productName = WebSocketsTest;
			productReference = CBCDB14E25A8B9E400D05D35 /* WebSocketsTest.app */;
			productType = "com.apple.product-type.application";
		};
/* End PBXNativeTarget section */

/* Begin PBXProject section */
		CBCDB14625A8B9E400D05D35 /* Project object */ = {
			isa = PBXProject;
			attributes = {
				LastSwiftUpdateCheck = 1220;
				LastUpgradeCheck = 1220;
				TargetAttributes = {
					CBCDB14D25A8B9E400D05D35 = {
						CreatedOnToolsVersion = 12.2;
					};
				};
			};
			buildConfigurationList = CBCDB14925A8B9E400D05D35 /* Build configuration list for PBXProject "WebSocketsTest" */;
			compatibilityVersion = "Xcode 9.3";
			developmentRegion = en;
			hasScannedForEncodings = 0;
			knownRegions = (
				en,
				Base,
			);
			mainGroup = CBCDB14525A8B9E400D05D35;
			productRefGroup = CBCDB14F25A8B9E400D05D35 /* Products */;
			projectDirPath = "";
			projectRoot = "";
			targets = (
				CBCDB14D25A8B9E400D05D35 /* WebSocketsTest */,
			);
		};
/* End PBXProject section */

/* Begin PBXResourcesBuildPhase section */
		CBCDB14C25A8B9E400D05D35 /* Resources */ = {
			isa = PBXResourcesBuildPhase;
			buildActionMask = 2147483647;
			files = (
				CBCDB15E25A8B9E500D05D35 /* LaunchScreen.storyboard in Resources */,
				CBCDB15B25A8B9E500D05D35 /* Assets.xcassets in Resources */,
			);
			runOnlyForDeploymentPostprocessing = 0;
		};
/* End PBXResourcesBuildPhase section */

/* Begin PBXShellScriptBuildPhase section */
		7ADCECC4FE146B03C166DF4E /* [CP] Check Pods Manifest.lock */ = {
			isa = PBXShellScriptBuildPhase;
			buildActionMask = 2147483647;
			files = (
			);
			inputFileListPaths = (
			);
			inputPaths = (
				"${PODS_PODFILE_DIR_PATH}/Podfile.lock",
				"${PODS_ROOT}/Manifest.lock",
			);
			name = "[CP] Check Pods Manifest.lock";
			outputFileListPaths = (
			);
			outputPaths = (
				"$(DERIVED_FILE_DIR)/Pods-WebSocketsTest-checkManifestLockResult.txt",
			);
			runOnlyForDeploymentPostprocessing = 0;
			shellPath = /bin/sh;
			shellScript = "diff \"${PODS_PODFILE_DIR_PATH}/Podfile.lock\" \"${PODS_ROOT}/Manifest.lock\" > /dev/null\nif [ $? != 0 ] ; then\n    # print error to STDERR\n    echo \"error: The sandbox is not in sync with the Podfile.lock. Run 'pod install' or update your CocoaPods installation.\" >&2\n    exit 1\nfi\n# This output is used by Xcode 'outputs' to avoid re-running this script phase.\necho \"SUCCESS\" > \"${SCRIPT_OUTPUT_FILE_0}\"\n";
			showEnvVarsInLog = 0;
		};
		A64933A31D248C03C2DECB2F /* [CP] Embed Pods Frameworks */ = {
			isa = PBXShellScriptBuildPhase;
			buildActionMask = 2147483647;
			files = (
			);
			inputFileListPaths = (
				"${PODS_ROOT}/Target Support Files/Pods-WebSocketsTest/Pods-WebSocketsTest-frameworks-${CONFIGURATION}-input-files.xcfilelist",
			);
			name = "[CP] Embed Pods Frameworks";
			outputFileListPaths = (
				"${PODS_ROOT}/Target Support Files/Pods-WebSocketsTest/Pods-WebSocketsTest-frameworks-${CONFIGURATION}-output-files.xcfilelist",
			);
			runOnlyForDeploymentPostprocessing = 0;
			shellPath = /bin/sh;
			shellScript = "\"${PODS_ROOT}/Target Support Files/Pods-WebSocketsTest/Pods-WebSocketsTest-frameworks.sh\"\n";
			showEnvVarsInLog = 0;
		};
/* End PBXShellScriptBuildPhase section */

/* Begin PBXSourcesBuildPhase section */
		CBCDB14A25A8B9E400D05D35 /* Sources */ = {
			isa = PBXSourcesBuildPhase;
			buildActionMask = 2147483647;
			files = (
				CBCDB15625A8B9E500D05D35 /* ViewController.swift in Sources */,
				CBCDB15225A8B9E500D05D35 /* AppDelegate.swift in Sources */,
				CBCDB15425A8B9E500D05D35 /* SceneDelegate.swift in Sources */,
			);
			runOnlyForDeploymentPostprocessing = 0;
		};
/* End PBXSourcesBuildPhase section */

/* Begin PBXVariantGroup section */
		CBCDB15C25A8B9E500D05D35 /* LaunchScreen.storyboard */ = {
			isa = PBXVariantGroup;
			children = (
				CBCDB15D25A8B9E500D05D35 /* Base */,
			);
			name = LaunchScreen.storyboard;
			sourceTree = "<group>";
		};
/* End PBXVariantGroup section */

/* Begin XCBuildConfiguration section */
		CBCDB16025A8B9E500D05D35 /* Debug */ = {
			isa = XCBuildConfiguration;
			buildSettings = {
				ALWAYS_SEARCH_USER_PATHS = NO;
				CLANG_ANALYZER_NONNULL = YES;
				CLANG_ANALYZER_NUMBER_OBJECT_CONVERSION = YES_AGGRESSIVE;
				CLANG_CXX_LANGUAGE_STANDARD = "gnu++14";
				CLANG_CXX_LIBRARY = "libc++";
				CLANG_ENABLE_MODULES = YES;
				CLANG_ENABLE_OBJC_ARC = YES;
				CLANG_ENABLE_OBJC_WEAK = YES;
				CLANG_WARN_BLOCK_CAPTURE_AUTORELEASING = YES;
				CLANG_WARN_BOOL_CONVERSION = YES;
				CLANG_WARN_COMMA = YES;
				CLANG_WARN_CONSTANT_CONVERSION = YES;
				CLANG_WARN_DEPRECATED_OBJC_IMPLEMENTATIONS = YES;
				CLANG_WARN_DIRECT_OBJC_ISA_USAGE = YES_ERROR;
				CLANG_WARN_DOCUMENTATION_COMMENTS = YES;
				CLANG_WARN_EMPTY_BODY = YES;
				CLANG_WARN_ENUM_CONVERSION = YES;
				CLANG_WARN_INFINITE_RECURSION = YES;
				CLANG_WARN_INT_CONVERSION = YES;
				CLANG_WARN_NON_LITERAL_NULL_CONVERSION = YES;
				CLANG_WARN_OBJC_IMPLICIT_RETAIN_SELF = YES;
				CLANG_WARN_OBJC_LITERAL_CONVERSION = YES;
				CLANG_WARN_OBJC_ROOT_CLASS = YES_ERROR;
				CLANG_WARN_QUOTED_INCLUDE_IN_FRAMEWORK_HEADER = YES;
				CLANG_WARN_RANGE_LOOP_ANALYSIS = YES;
				CLANG_WARN_STRICT_PROTOTYPES = YES;
				CLANG_WARN_SUSPICIOUS_MOVE = YES;
				CLANG_WARN_UNGUARDED_AVAILABILITY = YES_AGGRESSIVE;
				CLANG_WARN_UNREACHABLE_CODE = YES;
				CLANG_WARN__DUPLICATE_METHOD_MATCH = YES;
				COPY_PHASE_STRIP = NO;
				DEBUG_INFORMATION_FORMAT = dwarf;
				ENABLE_STRICT_OBJC_MSGSEND = YES;
				ENABLE_TESTABILITY = YES;
				GCC_C_LANGUAGE_STANDARD = gnu11;
				GCC_DYNAMIC_NO_PIC = NO;
				GCC_NO_COMMON_BLOCKS = YES;
				GCC_OPTIMIZATION_LEVEL = 0;
				GCC_PREPROCESSOR_DEFINITIONS = (
					"DEBUG=1",
					"$(inherited)",
				);
				GCC_WARN_64_TO_32_BIT_CONVERSION = YES;
				GCC_WARN_ABOUT_RETURN_TYPE = YES_ERROR;
				GCC_WARN_UNDECLARED_SELECTOR = YES;
				GCC_WARN_UNINITIALIZED_AUTOS = YES_AGGRESSIVE;
				GCC_WARN_UNUSED_FUNCTION = YES;
				GCC_WARN_UNUSED_VARIABLE = YES;
				IPHONEOS_DEPLOYMENT_TARGET = 14.2;
				MTL_ENABLE_DEBUG_INFO = INCLUDE_SOURCE;
				MTL_FAST_MATH = YES;
				ONLY_ACTIVE_ARCH = YES;
				SDKROOT = iphoneos;
				SWIFT_ACTIVE_COMPILATION_CONDITIONS = DEBUG;
				SWIFT_OPTIMIZATION_LEVEL = "-Onone";
			};
			name = Debug;
		};
		CBCDB16125A8B9E500D05D35 /* Release */ = {
			isa = XCBuildConfiguration;
			buildSettings = {
				ALWAYS_SEARCH_USER_PATHS = NO;
				CLANG_ANALYZER_NONNULL = YES;
				CLANG_ANALYZER_NUMBER_OBJECT_CONVERSION = YES_AGGRESSIVE;
				CLANG_CXX_LANGUAGE_STANDARD = "gnu++14";
				CLANG_CXX_LIBRARY = "libc++";
				CLANG_ENABLE_MODULES = YES;
				CLANG_ENABLE_OBJC_ARC = YES;
				CLANG_ENABLE_OBJC_WEAK = YES;
				CLANG_WARN_BLOCK_CAPTURE_AUTORELEASING = YES;
				CLANG_WARN_BOOL_CONVERSION = YES;
				CLANG_WARN_COMMA = YES;
				CLANG_WARN_CONSTANT_CONVERSION = YES;
				CLANG_WARN_DEPRECATED_OBJC_IMPLEMENTATIONS = YES;
				CLANG_WARN_DIRECT_OBJC_ISA_USAGE = YES_ERROR;
				CLANG_WARN_DOCUMENTATION_COMMENTS = YES;
				CLANG_WARN_EMPTY_BODY = YES;
				CLANG_WARN_ENUM_CONVERSION = YES;
				CLANG_WARN_INFINITE_RECURSION = YES;
				CLANG_WARN_INT_CONVERSION = YES;
				CLANG_WARN_NON_LITERAL_NULL_CONVERSION = YES;
				CLANG_WARN_OBJC_IMPLICIT_RETAIN_SELF = YES;
				CLANG_WARN_OBJC_LITERAL_CONVERSION = YES;
				CLANG_WARN_OBJC_ROOT_CLASS = YES_ERROR;
				CLANG_WARN_QUOTED_INCLUDE_IN_FRAMEWORK_HEADER = YES;
				CLANG_WARN_RANGE_LOOP_ANALYSIS = YES;
				CLANG_WARN_STRICT_PROTOTYPES = YES;
				CLANG_WARN_SUSPICIOUS_MOVE = YES;
				CLANG_WARN_UNGUARDED_AVAILABILITY = YES_AGGRESSIVE;
				CLANG_WARN_UNREACHABLE_CODE = YES;
				CLANG_WARN__DUPLICATE_METHOD_MATCH = YES;
				COPY_PHASE_STRIP = NO;
				DEBUG_INFORMATION_FORMAT = "dwarf-with-dsym";
				ENABLE_NS_ASSERTIONS = NO;
				ENABLE_STRICT_OBJC_MSGSEND = YES;
				GCC_C_LANGUAGE_STANDARD = gnu11;
				GCC_NO_COMMON_BLOCKS = YES;
				GCC_WARN_64_TO_32_BIT_CONVERSION = YES;
				GCC_WARN_ABOUT_RETURN_TYPE = YES_ERROR;
				GCC_WARN_UNDECLARED_SELECTOR = YES;
				GCC_WARN_UNINITIALIZED_AUTOS = YES_AGGRESSIVE;
				GCC_WARN_UNUSED_FUNCTION = YES;
				GCC_WARN_UNUSED_VARIABLE = YES;
				IPHONEOS_DEPLOYMENT_TARGET = 14.2;
				MTL_ENABLE_DEBUG_INFO = NO;
				MTL_FAST_MATH = YES;
				SDKROOT = iphoneos;
				SWIFT_COMPILATION_MODE = wholemodule;
				SWIFT_OPTIMIZATION_LEVEL = "-O";
				VALIDATE_PRODUCT = YES;
			};
			name = Release;
		};
		CBCDB16325A8B9E500D05D35 /* Debug */ = {
			isa = XCBuildConfiguration;
			baseConfigurationReference = 4F7CFFB6DC20EE5EAE9B50B1 /* Pods-WebSocketsTest.debug.xcconfig */;
			buildSettings = {
				ASSETCATALOG_COMPILER_APPICON_NAME = AppIcon;
				ASSETCATALOG_COMPILER_GLOBAL_ACCENT_COLOR_NAME = AccentColor;
				CODE_SIGN_STYLE = Automatic;
				DEVELOPMENT_TEAM = L9TVN2F98B;
				INFOPLIST_FILE = WebSocketsTest/Info.plist;
				LD_RUNPATH_SEARCH_PATHS = (
					"$(inherited)",
					"@executable_path/Frameworks",
				);
				PRODUCT_BUNDLE_IDENTIFIER = timNur.WebSocketsTest;
				PRODUCT_NAME = "$(TARGET_NAME)";
				SWIFT_VERSION = 5.0;
				TARGETED_DEVICE_FAMILY = "1,2";
			};
			name = Debug;
		};
		CBCDB16425A8B9E500D05D35 /* Release */ = {
			isa = XCBuildConfiguration;
			baseConfigurationReference = D37E269D1767D6A79F4F6BA4 /* Pods-WebSocketsTest.release.xcconfig */;
			buildSettings = {
				ASSETCATALOG_COMPILER_APPICON_NAME = AppIcon;
				ASSETCATALOG_COMPILER_GLOBAL_ACCENT_COLOR_NAME = AccentColor;
				CODE_SIGN_STYLE = Automatic;
				DEVELOPMENT_TEAM = L9TVN2F98B;
				INFOPLIST_FILE = WebSocketsTest/Info.plist;
				LD_RUNPATH_SEARCH_PATHS = (
					"$(inherited)",
					"@executable_path/Frameworks",
				);
				PRODUCT_BUNDLE_IDENTIFIER = timNur.WebSocketsTest;
				PRODUCT_NAME = "$(TARGET_NAME)";
				SWIFT_VERSION = 5.0;
				TARGETED_DEVICE_FAMILY = "1,2";
			};
			name = Release;
		};
/* End XCBuildConfiguration section */

/* Begin XCConfigurationList section */
		CBCDB14925A8B9E400D05D35 /* Build configuration list for PBXProject "WebSocketsTest" */ = {
			isa = XCConfigurationList;
			buildConfigurations = (
				CBCDB16025A8B9E500D05D35 /* Debug */,
				CBCDB16125A8B9E500D05D35 /* Release */,
			);
			defaultConfigurationIsVisible = 0;
			defaultConfigurationName = Release;
		};
		CBCDB16225A8B9E500D05D35 /* Build configuration list for PBXNativeTarget "WebSocketsTest" */ = {
			isa = XCConfigurationList;
			buildConfigurations = (
				CBCDB16325A8B9E500D05D35 /* Debug */,
				CBCDB16425A8B9E500D05D35 /* Release */,
			);
			defaultConfigurationIsVisible = 0;
			defaultConfigurationName = Release;
		};
/* End XCConfigurationList section */
	};
	rootObject = CBCDB14625A8B9E400D05D35 /* Project object */;
}
